
Microsoft Visual Studio Solution File, Format Version 12.00
# Visual Studio Version 17
VisualStudioVersion = 17.5.33424.131
MinimumVisualStudioVersion = 10.0.40219.1
Project("{9A19103F-16F7-4668-BE54-9A1E7A4F7556}") = "zalo_teste", "zalo_teste\zalo_teste.csproj", "{D393A5CD-956E-4632-B329-B156914F386C}"
EndProject
Project("{FAE04EC0-301F-11D3-BF4B-00C04F79EFBC}") = "zaloteste2", "zaloteste2\zaloteste2.csproj", "{2B2A6D97-80DD-4CCD-AE8E-AE917CE4CCF2}"
EndProject
Project("{FAE04EC0-301F-11D3-BF4B-00C04F79EFBC}") = "Testar2", "..\..\Testar2\Testar2.csproj", "{3BC1C345-6019-47DE-BC4C-D5A94EA6BEC2}"
EndProject
Global
	GlobalSection(SolutionConfigurationPlatforms) = preSolution
		Debug|Any CPU = Debug|Any CPU
		Release|Any CPU = Release|Any CPU
	EndGlobalSection
	GlobalSection(ProjectConfigurationPlatforms) = postSolution
		{D393A5CD-956E-4632-B329-B156914F386C}.Debug|Any CPU.ActiveCfg = Debug|Any CPU
		{D393A5CD-956E-4632-B329-B156914F386C}.Debug|Any CPU.Build.0 = Debug|Any CPU
		{D393A5CD-956E-4632-B329-B156914F386C}.Release|Any CPU.ActiveCfg = Release|Any CPU
		{D393A5CD-956E-4632-B329-B156914F386C}.Release|Any CPU.Build.0 = Release|Any CPU
		{2B2A6D97-80DD-4CCD-AE8E-AE917CE4CCF2}.Debug|Any CPU.ActiveCfg = Debug|Any CPU
		{2B2A6D97-80DD-4CCD-AE8E-AE917CE4CCF2}.Debug|Any CPU.Build.0 = Debug|Any CPU
		{2B2A6D97-80DD-4CCD-AE8E-AE917CE4CCF2}.Release|Any CPU.ActiveCfg = Release|Any CPU
		{2B2A6D97-80DD-4CCD-AE8E-AE917CE4CCF2}.Release|Any CPU.Build.0 = Release|Any CPU
		{3BC1C345-6019-47DE-BC4C-D5A94EA6BEC2}.Debug|Any CPU.ActiveCfg = Debug|Any CPU
		{3BC1C345-6019-47DE-BC4C-D5A94EA6BEC2}.Debug|Any CPU.Build.0 = Debug|Any CPU
		{3BC1C345-6019-47DE-BC4C-D5A94EA6BEC2}.Release|Any CPU.ActiveCfg = Release|Any CPU
		{3BC1C345-6019-47DE-BC4C-D5A94EA6BEC2}.Release|Any CPU.Build.0 = Release|Any CPU
	EndGlobalSection
	GlobalSection(SolutionProperties) = preSolution
		HideSolutionNode = FALSE
	EndGlobalSection
	GlobalSection(ExtensibilityGlobals) = postSolution
		SolutionGuid = {30195BD9-A017-4214-BBCC-7002839F2B81}
	EndGlobalSection
EndGlobal
